
Microsoft Visual Studio Solution File, Format Version 12.00
# Visual Studio 15
Project("{FAE04EC0-301F-11D3-BF4B-00C04F79EFBC}") = "UnityEngine.UI", "UnityEngine.UI.csproj", "{B3E939AF-22B0-3614-7559-1E66ACF1C943}"
EndProject
Project("{FAE04EC0-301F-11D3-BF4B-00C04F79EFBC}") = "UnityEngine.TestRunner", "UnityEngine.TestRunner.csproj", "{6F96E770-35EE-E5FD-80D2-1A2D487C5EB2}"
EndProject
Project("{FAE04EC0-301F-11D3-BF4B-00C04F79EFBC}") = "Unity.Mathematics", "Unity.Mathematics.csproj", "{6E4A9001-D008-A0D7-F92E-6947C95A0D91}"
EndProject
Project("{FAE04EC0-301F-11D3-BF4B-00C04F79EFBC}") = "Unity.2D.Animation.Triangle.Runtime", "Unity.2D.Animation.Triangle.Runtime.csproj", "{700F7C83-CC7E-9937-E05A-552B03102326}"
EndProject
Project("{FAE04EC0-301F-11D3-BF4B-00C04F79EFBC}") = "Unity.Timeline", "Unity.Timeline.csproj", "{8CB81505-3B42-77A2-FC73-F105F33F134E}"
EndProject
Project("{FAE04EC0-301F-11D3-BF4B-00C04F79EFBC}") = "Unity.TextMeshPro", "Unity.TextMeshPro.csproj", "{E990DED0-D259-90C1-297A-959222D59E53}"
EndProject
Project("{FAE04EC0-301F-11D3-BF4B-00C04F79EFBC}") = "Unity.2D.Animation.Runtime", "Unity.2D.Animation.Runtime.csproj", "{2917203D-BE4A-77C9-B2D1-22CF5A5D2193}"
EndProject
Project("{FAE04EC0-301F-11D3-BF4B-00C04F79EFBC}") = "Assembly-CSharp", "Assembly-CSharp.csproj", "{77BB0C59-6EDF-441D-78FC-8511ED0AC6CC}"
EndProject
Project("{FAE04EC0-301F-11D3-BF4B-00C04F79EFBC}") = "Unity.2D.IK.Runtime", "Unity.2D.IK.Runtime.csproj", "{2304176F-2EAB-DD0F-4F7D-9480840301B9}"
EndProject
Project("{FAE04EC0-301F-11D3-BF4B-00C04F79EFBC}") = "Unity.2D.SpriteShape.Runtime", "Unity.2D.SpriteShape.Runtime.csproj", "{03B66DE6-F256-7576-BB60-7ECF13F24089}"
EndProject
Project("{FAE04EC0-301F-11D3-BF4B-00C04F79EFBC}") = "Unity.2D.PixelPerfect", "Unity.2D.PixelPerfect.csproj", "{07CB5D76-1ED2-D52C-F3F7-BEF3B5452CA7}"
EndProject
Project("{FAE04EC0-301F-11D3-BF4B-00C04F79EFBC}") = "Unity.2D.Common.Runtime", "Unity.2D.Common.Runtime.csproj", "{3A492B8F-93CD-72F1-8418-8DC6793E87F7}"
EndProject
Project("{FAE04EC0-301F-11D3-BF4B-00C04F79EFBC}") = "Unity.InternalAPIEngineBridge.001", "Unity.InternalAPIEngineBridge.001.csproj", "{E90D5E9F-2EAB-57D6-0121-FE0A9B224F7A}"
EndProject
Project("{FAE04EC0-301F-11D3-BF4B-00C04F79EFBC}") = "UnityEditor.TestRunner", "UnityEditor.TestRunner.csproj", "{23B44E36-E8F8-35E2-1AB8-E2864655F1AB}"
EndProject
Project("{FAE04EC0-301F-11D3-BF4B-00C04F79EFBC}") = "Unity.PlasticSCM.Editor", "Unity.PlasticSCM.Editor.csproj", "{DAED02CB-8B63-26CC-B1A5-7D72A50E53A4}"
EndProject
Project("{FAE04EC0-301F-11D3-BF4B-00C04F79EFBC}") = "UnityEditor.UI", "UnityEditor.UI.csproj", "{2F5DF077-BADD-70ED-7507-55BEEF330449}"
EndProject
Project("{FAE04EC0-301F-11D3-BF4B-00C04F79EFBC}") = "Unity.Timeline.Editor", "Unity.Timeline.Editor.csproj", "{A12AA1D4-4D81-0920-6554-870E6C5EADAB}"
EndProject
Project("{FAE04EC0-301F-11D3-BF4B-00C04F79EFBC}") = "Unity.VisualStudio.Editor", "Unity.VisualStudio.Editor.csproj", "{DBC752B0-776E-BCDA-ADCF-8460022AA68F}"
EndProject
Project("{FAE04EC0-301F-11D3-BF4B-00C04F79EFBC}") = "Unity.2D.Psdimporter.Editor", "Unity.2D.Psdimporter.Editor.csproj", "{2141BD77-9FE0-8180-ECAC-2AF683285EF4}"
EndProject
Project("{FAE04EC0-301F-11D3-BF4B-00C04F79EFBC}") = "Unity.2D.Animation.Editor", "Unity.2D.Animation.Editor.csproj", "{2F74B3FB-8624-BD37-B0E4-8D7C89C950E0}"
EndProject
Project("{FAE04EC0-301F-11D3-BF4B-00C04F79EFBC}") = "Unity.TextMeshPro.Editor", "Unity.TextMeshPro.Editor.csproj", "{C6D46E3A-3D32-F695-F073-C59D6DDF9D0D}"
EndProject
Project("{FAE04EC0-301F-11D3-BF4B-00C04F79EFBC}") = "Unity.2D.SpriteShape.Editor", "Unity.2D.SpriteShape.Editor.csproj", "{43993D58-5CB1-FB9A-622A-8BAE1E1B8EE6}"
EndProject
Project("{FAE04EC0-301F-11D3-BF4B-00C04F79EFBC}") = "Unity.CollabProxy.Editor", "Unity.CollabProxy.Editor.csproj", "{14205527-4253-255D-6DE8-5E053074FA0B}"
EndProject
Project("{FAE04EC0-301F-11D3-BF4B-00C04F79EFBC}") = "PsdPlugin", "PsdPlugin.csproj", "{0BB5F68A-7A2B-97F1-4A80-73D66F82F2E9}"
EndProject
Project("{FAE04EC0-301F-11D3-BF4B-00C04F79EFBC}") = "Unity.2D.Path.Editor", "Unity.2D.Path.Editor.csproj", "{E8A56726-99D0-716F-E93B-82FCD917FDE8}"
EndProject
Project("{FAE04EC0-301F-11D3-BF4B-00C04F79EFBC}") = "Unity.Rider.Editor", "Unity.Rider.Editor.csproj", "{5A8574ED-81C4-69F4-82CA-227E1277306E}"
EndProject
Project("{FAE04EC0-301F-11D3-BF4B-00C04F79EFBC}") = "Unity.2D.IK.Editor", "Unity.2D.IK.Editor.csproj", "{CD2F9755-A285-BA23-C913-06447527A0C9}"
EndProject
Project("{FAE04EC0-301F-11D3-BF4B-00C04F79EFBC}") = "Unity.2D.Sprite.Editor", "Unity.2D.Sprite.Editor.csproj", "{D086437A-2BF5-4EB6-DF14-C544A8EEABEA}"
EndProject
Project("{FAE04EC0-301F-11D3-BF4B-00C04F79EFBC}") = "Unity.2D.Tilemap.Editor", "Unity.2D.Tilemap.Editor.csproj", "{D0D7E6CD-C4A4-689C-D16A-DF7710CDB7D0}"
EndProject
Project("{FAE04EC0-301F-11D3-BF4B-00C04F79EFBC}") = "Unity.2D.PixelPerfect.Editor", "Unity.2D.PixelPerfect.Editor.csproj", "{982CBC84-77C5-C7A4-33CB-172FB3ABB044}"
EndProject
Project("{FAE04EC0-301F-11D3-BF4B-00C04F79EFBC}") = "Unity.VSCode.Editor", "Unity.VSCode.Editor.csproj", "{90AFC353-E438-E5D1-2FF0-94CED7397A71}"
EndProject
Project("{FAE04EC0-301F-11D3-BF4B-00C04F79EFBC}") = "Unity.2D.Common.Editor", "Unity.2D.Common.Editor.csproj", "{0EE65E48-AA63-FFD8-391B-F5D958F00423}"
EndProject
Project("{FAE04EC0-301F-11D3-BF4B-00C04F79EFBC}") = "Unity.Mathematics.Editor", "Unity.Mathematics.Editor.csproj", "{E69B2B32-3170-23FF-C877-192A94919FA7}"
EndProject
Project("{FAE04EC0-301F-11D3-BF4B-00C04F79EFBC}") = "Unity.InternalAPIEditorBridge.001", "Unity.InternalAPIEditorBridge.001.csproj", "{30B9093B-F8D0-E396-6FAD-6F8386C26BD1}"
EndProject
Project("{FAE04EC0-301F-11D3-BF4B-00C04F79EFBC}") = "Assembly-CSharp-Editor", "Assembly-CSharp-Editor.csproj", "{9E448358-421A-2E3A-3503-C1E1B44EC21D}"
EndProject
Project("{FAE04EC0-301F-11D3-BF4B-00C04F79EFBC}") = "UnityEngine.UI", "UnityEngine.UI.Player.csproj", "{56A0EAA0-B4B9-5509-7528-5B0B032894DE}"
EndProject
Project("{FAE04EC0-301F-11D3-BF4B-00C04F79EFBC}") = "UnityEngine.TestRunner", "UnityEngine.TestRunner.Player.csproj", "{A4863BC1-50A1-8E4E-EC76-9EB6BBDE0D67}"
EndProject
Project("{FAE04EC0-301F-11D3-BF4B-00C04F79EFBC}") = "Unity.Mathematics", "Unity.Mathematics.Player.csproj", "{7971EFA9-9B27-CA76-64FA-6313A2F72CC2}"
EndProject
Project("{FAE04EC0-301F-11D3-BF4B-00C04F79EFBC}") = "Unity.2D.Animation.Triangle.Runtime", "Unity.2D.Animation.Triangle.Runtime.Player.csproj", "{55D9D884-0C51-C0E0-56DA-2139E3E0D9D1}"
EndProject
Project("{FAE04EC0-301F-11D3-BF4B-00C04F79EFBC}") = "Unity.Timeline", "Unity.Timeline.Player.csproj", "{2DE0651E-4254-D600-51AC-281DD47CB680}"
EndProject
Project("{FAE04EC0-301F-11D3-BF4B-00C04F79EFBC}") = "Unity.TextMeshPro", "Unity.TextMeshPro.Player.csproj", "{1B9F8C94-F071-52C4-B9B1-FCD75ED3B027}"
EndProject
Project("{FAE04EC0-301F-11D3-BF4B-00C04F79EFBC}") = "Unity.2D.Animation.Runtime", "Unity.2D.Animation.Runtime.Player.csproj", "{BAA1207C-79E5-5911-E862-101C00890044}"
EndProject
Project("{FAE04EC0-301F-11D3-BF4B-00C04F79EFBC}") = "Assembly-CSharp", "Assembly-CSharp.Player.csproj", "{CBCAA174-BA5E-C0CE-A999-F13361262A84}"
EndProject
Project("{FAE04EC0-301F-11D3-BF4B-00C04F79EFBC}") = "Unity.2D.IK.Runtime", "Unity.2D.IK.Runtime.Player.csproj", "{AC293070-7734-F37E-5FEA-FEEBD8E032FC}"
EndProject
Project("{FAE04EC0-301F-11D3-BF4B-00C04F79EFBC}") = "Unity.2D.SpriteShape.Runtime", "Unity.2D.SpriteShape.Runtime.Player.csproj", "{0A62762E-4BB3-6AA2-1EE4-545E1A30A21F}"
EndProject
Project("{FAE04EC0-301F-11D3-BF4B-00C04F79EFBC}") = "Unity.2D.PixelPerfect", "Unity.2D.PixelPerfect.Player.csproj", "{D7F4C036-A79E-1614-FB98-1A787FA07B5A}"
EndProject
Project("{FAE04EC0-301F-11D3-BF4B-00C04F79EFBC}") = "Unity.2D.Common.Runtime", "Unity.2D.Common.Runtime.Player.csproj", "{D7E3183A-F0C5-6885-5D38-4401DC26E45C}"
EndProject
Project("{FAE04EC0-301F-11D3-BF4B-00C04F79EFBC}") = "Unity.InternalAPIEngineBridge.001", "Unity.InternalAPIEngineBridge.001.Player.csproj", "{AB38B5B2-313E-C596-5D97-D57199FECE76}"
EndProject
Global
	GlobalSection(SolutionConfigurationPlatforms) = preSolution
		Debug|Any CPU = Debug|Any CPU
		Release|Any CPU = Release|Any CPU
	EndGlobalSection
	GlobalSection(ProjectConfigurationPlatforms) = postSolution
		{B3E939AF-22B0-3614-7559-1E66ACF1C943}.Debug|Any CPU.ActiveCfg = Debug|Any CPU
		{B3E939AF-22B0-3614-7559-1E66ACF1C943}.Debug|Any CPU.Build.0 = Debug|Any CPU
		{B3E939AF-22B0-3614-7559-1E66ACF1C943}.Release|Any CPU.ActiveCfg = Release|Any CPU
		{B3E939AF-22B0-3614-7559-1E66ACF1C943}.Release|Any CPU.Build.0 = Release|Any CPU
		{6F96E770-35EE-E5FD-80D2-1A2D487C5EB2}.Debug|Any CPU.ActiveCfg = Debug|Any CPU
		{6F96E770-35EE-E5FD-80D2-1A2D487C5EB2}.Debug|Any CPU.Build.0 = Debug|Any CPU
		{6F96E770-35EE-E5FD-80D2-1A2D487C5EB2}.Release|Any CPU.ActiveCfg = Release|Any CPU
		{6F96E770-35EE-E5FD-80D2-1A2D487C5EB2}.Release|Any CPU.Build.0 = Release|Any CPU
		{6E4A9001-D008-A0D7-F92E-6947C95A0D91}.Debug|Any CPU.ActiveCfg = Debug|Any CPU
		{6E4A9001-D008-A0D7-F92E-6947C95A0D91}.Debug|Any CPU.Build.0 = Debug|Any CPU
		{6E4A9001-D008-A0D7-F92E-6947C95A0D91}.Release|Any CPU.ActiveCfg = Release|Any CPU
		{6E4A9001-D008-A0D7-F92E-6947C95A0D91}.Release|Any CPU.Build.0 = Release|Any CPU
		{700F7C83-CC7E-9937-E05A-552B03102326}.Debug|Any CPU.ActiveCfg = Debug|Any CPU
		{700F7C83-CC7E-9937-E05A-552B03102326}.Debug|Any CPU.Build.0 = Debug|Any CPU
		{700F7C83-CC7E-9937-E05A-552B03102326}.Release|Any CPU.ActiveCfg = Release|Any CPU
		{700F7C83-CC7E-9937-E05A-552B03102326}.Release|Any CPU.Build.0 = Release|Any CPU
		{8CB81505-3B42-77A2-FC73-F105F33F134E}.Debug|Any CPU.ActiveCfg = Debug|Any CPU
		{8CB81505-3B42-77A2-FC73-F105F33F134E}.Debug|Any CPU.Build.0 = Debug|Any CPU
		{8CB81505-3B42-77A2-FC73-F105F33F134E}.Release|Any CPU.ActiveCfg = Release|Any CPU
		{8CB81505-3B42-77A2-FC73-F105F33F134E}.Release|Any CPU.Build.0 = Release|Any CPU
		{E990DED0-D259-90C1-297A-959222D59E53}.Debug|Any CPU.ActiveCfg = Debug|Any CPU
		{E990DED0-D259-90C1-297A-959222D59E53}.Debug|Any CPU.Build.0 = Debug|Any CPU
		{E990DED0-D259-90C1-297A-959222D59E53}.Release|Any CPU.ActiveCfg = Release|Any CPU
		{E990DED0-D259-90C1-297A-959222D59E53}.Release|Any CPU.Build.0 = Release|Any CPU
		{2917203D-BE4A-77C9-B2D1-22CF5A5D2193}.Debug|Any CPU.ActiveCfg = Debug|Any CPU
		{2917203D-BE4A-77C9-B2D1-22CF5A5D2193}.Debug|Any CPU.Build.0 = Debug|Any CPU
		{2917203D-BE4A-77C9-B2D1-22CF5A5D2193}.Release|Any CPU.ActiveCfg = Release|Any CPU
		{2917203D-BE4A-77C9-B2D1-22CF5A5D2193}.Release|Any CPU.Build.0 = Release|Any CPU
		{77BB0C59-6EDF-441D-78FC-8511ED0AC6CC}.Debug|Any CPU.ActiveCfg = Debug|Any CPU
		{77BB0C59-6EDF-441D-78FC-8511ED0AC6CC}.Debug|Any CPU.Build.0 = Debug|Any CPU
		{77BB0C59-6EDF-441D-78FC-8511ED0AC6CC}.Release|Any CPU.ActiveCfg = Release|Any CPU
		{77BB0C59-6EDF-441D-78FC-8511ED0AC6CC}.Release|Any CPU.Build.0 = Release|Any CPU
		{2304176F-2EAB-DD0F-4F7D-9480840301B9}.Debug|Any CPU.ActiveCfg = Debug|Any CPU
		{2304176F-2EAB-DD0F-4F7D-9480840301B9}.Debug|Any CPU.Build.0 = Debug|Any CPU
		{2304176F-2EAB-DD0F-4F7D-9480840301B9}.Release|Any CPU.ActiveCfg = Release|Any CPU
		{2304176F-2EAB-DD0F-4F7D-9480840301B9}.Release|Any CPU.Build.0 = Release|Any CPU
		{03B66DE6-F256-7576-BB60-7ECF13F24089}.Debug|Any CPU.ActiveCfg = Debug|Any CPU
		{03B66DE6-F256-7576-BB60-7ECF13F24089}.Debug|Any CPU.Build.0 = Debug|Any CPU
		{03B66DE6-F256-7576-BB60-7ECF13F24089}.Release|Any CPU.ActiveCfg = Release|Any CPU
		{03B66DE6-F256-7576-BB60-7ECF13F24089}.Release|Any CPU.Build.0 = Release|Any CPU
		{07CB5D76-1ED2-D52C-F3F7-BEF3B5452CA7}.Debug|Any CPU.ActiveCfg = Debug|Any CPU
		{07CB5D76-1ED2-D52C-F3F7-BEF3B5452CA7}.Debug|Any CPU.Build.0 = Debug|Any CPU
		{07CB5D76-1ED2-D52C-F3F7-BEF3B5452CA7}.Release|Any CPU.ActiveCfg = Release|Any CPU
		{07CB5D76-1ED2-D52C-F3F7-BEF3B5452CA7}.Release|Any CPU.Build.0 = Release|Any CPU
		{3A492B8F-93CD-72F1-8418-8DC6793E87F7}.Debug|Any CPU.ActiveCfg = Debug|Any CPU
		{3A492B8F-93CD-72F1-8418-8DC6793E87F7}.Debug|Any CPU.Build.0 = Debug|Any CPU
		{3A492B8F-93CD-72F1-8418-8DC6793E87F7}.Release|Any CPU.ActiveCfg = Release|Any CPU
		{3A492B8F-93CD-72F1-8418-8DC6793E87F7}.Release|Any CPU.Build.0 = Release|Any CPU
		{E90D5E9F-2EAB-57D6-0121-FE0A9B224F7A}.Debug|Any CPU.ActiveCfg = Debug|Any CPU
		{E90D5E9F-2EAB-57D6-0121-FE0A9B224F7A}.Debug|Any CPU.Build.0 = Debug|Any CPU
		{E90D5E9F-2EAB-57D6-0121-FE0A9B224F7A}.Release|Any CPU.ActiveCfg = Release|Any CPU
		{E90D5E9F-2EAB-57D6-0121-FE0A9B224F7A}.Release|Any CPU.Build.0 = Release|Any CPU
		{23B44E36-E8F8-35E2-1AB8-E2864655F1AB}.Debug|Any CPU.ActiveCfg = Debug|Any CPU
		{23B44E36-E8F8-35E2-1AB8-E2864655F1AB}.Debug|Any CPU.Build.0 = Debug|Any CPU
		{23B44E36-E8F8-35E2-1AB8-E2864655F1AB}.Release|Any CPU.ActiveCfg = Release|Any CPU
		{23B44E36-E8F8-35E2-1AB8-E2864655F1AB}.Release|Any CPU.Build.0 = Release|Any CPU
		{DAED02CB-8B63-26CC-B1A5-7D72A50E53A4}.Debug|Any CPU.ActiveCfg = Debug|Any CPU
		{DAED02CB-8B63-26CC-B1A5-7D72A50E53A4}.Debug|Any CPU.Build.0 = Debug|Any CPU
		{DAED02CB-8B63-26CC-B1A5-7D72A50E53A4}.Release|Any CPU.ActiveCfg = Release|Any CPU
		{DAED02CB-8B63-26CC-B1A5-7D72A50E53A4}.Release|Any CPU.Build.0 = Release|Any CPU
		{2F5DF077-BADD-70ED-7507-55BEEF330449}.Debug|Any CPU.ActiveCfg = Debug|Any CPU
		{2F5DF077-BADD-70ED-7507-55BEEF330449}.Debug|Any CPU.Build.0 = Debug|Any CPU
		{2F5DF077-BADD-70ED-7507-55BEEF330449}.Release|Any CPU.ActiveCfg = Release|Any CPU
		{2F5DF077-BADD-70ED-7507-55BEEF330449}.Release|Any CPU.Build.0 = Release|Any CPU
		{A12AA1D4-4D81-0920-6554-870E6C5EADAB}.Debug|Any CPU.ActiveCfg = Debug|Any CPU
		{A12AA1D4-4D81-0920-6554-870E6C5EADAB}.Debug|Any CPU.Build.0 = Debug|Any CPU
		{A12AA1D4-4D81-0920-6554-870E6C5EADAB}.Release|Any CPU.ActiveCfg = Release|Any CPU
		{A12AA1D4-4D81-0920-6554-870E6C5EADAB}.Release|Any CPU.Build.0 = Release|Any CPU
		{DBC752B0-776E-BCDA-ADCF-8460022AA68F}.Debug|Any CPU.ActiveCfg = Debug|Any CPU
		{DBC752B0-776E-BCDA-ADCF-8460022AA68F}.Debug|Any CPU.Build.0 = Debug|Any CPU
		{DBC752B0-776E-BCDA-ADCF-8460022AA68F}.Release|Any CPU.ActiveCfg = Release|Any CPU
		{DBC752B0-776E-BCDA-ADCF-8460022AA68F}.Release|Any CPU.Build.0 = Release|Any CPU
		{2141BD77-9FE0-8180-ECAC-2AF683285EF4}.Debug|Any CPU.ActiveCfg = Debug|Any CPU
		{2141BD77-9FE0-8180-ECAC-2AF683285EF4}.Debug|Any CPU.Build.0 = Debug|Any CPU
		{2141BD77-9FE0-8180-ECAC-2AF683285EF4}.Release|Any CPU.ActiveCfg = Release|Any CPU
		{2141BD77-9FE0-8180-ECAC-2AF683285EF4}.Release|Any CPU.Build.0 = Release|Any CPU
		{2F74B3FB-8624-BD37-B0E4-8D7C89C950E0}.Debug|Any CPU.ActiveCfg = Debug|Any CPU
		{2F74B3FB-8624-BD37-B0E4-8D7C89C950E0}.Debug|Any CPU.Build.0 = Debug|Any CPU
		{2F74B3FB-8624-BD37-B0E4-8D7C89C950E0}.Release|Any CPU.ActiveCfg = Release|Any CPU
		{2F74B3FB-8624-BD37-B0E4-8D7C89C950E0}.Release|Any CPU.Build.0 = Release|Any CPU
		{C6D46E3A-3D32-F695-F073-C59D6DDF9D0D}.Debug|Any CPU.ActiveCfg = Debug|Any CPU
		{C6D46E3A-3D32-F695-F073-C59D6DDF9D0D}.Debug|Any CPU.Build.0 = Debug|Any CPU
		{C6D46E3A-3D32-F695-F073-C59D6DDF9D0D}.Release|Any CPU.ActiveCfg = Release|Any CPU
		{C6D46E3A-3D32-F695-F073-C59D6DDF9D0D}.Release|Any CPU.Build.0 = Release|Any CPU
		{43993D58-5CB1-FB9A-622A-8BAE1E1B8EE6}.Debug|Any CPU.ActiveCfg = Debug|Any CPU
		{43993D58-5CB1-FB9A-622A-8BAE1E1B8EE6}.Debug|Any CPU.Build.0 = Debug|Any CPU
		{43993D58-5CB1-FB9A-622A-8BAE1E1B8EE6}.Release|Any CPU.ActiveCfg = Release|Any CPU
		{43993D58-5CB1-FB9A-622A-8BAE1E1B8EE6}.Release|Any CPU.Build.0 = Release|Any CPU
		{14205527-4253-255D-6DE8-5E053074FA0B}.Debug|Any CPU.ActiveCfg = Debug|Any CPU
		{14205527-4253-255D-6DE8-5E053074FA0B}.Debug|Any CPU.Build.0 = Debug|Any CPU
		{14205527-4253-255D-6DE8-5E053074FA0B}.Release|Any CPU.ActiveCfg = Release|Any CPU
		{14205527-4253-255D-6DE8-5E053074FA0B}.Release|Any CPU.Build.0 = Release|Any CPU
		{0BB5F68A-7A2B-97F1-4A80-73D66F82F2E9}.Debug|Any CPU.ActiveCfg = Debug|Any CPU
		{0BB5F68A-7A2B-97F1-4A80-73D66F82F2E9}.Debug|Any CPU.Build.0 = Debug|Any CPU
		{0BB5F68A-7A2B-97F1-4A80-73D66F82F2E9}.Release|Any CPU.ActiveCfg = Release|Any CPU
		{0BB5F68A-7A2B-97F1-4A80-73D66F82F2E9}.Release|Any CPU.Build.0 = Release|Any CPU
		{E8A56726-99D0-716F-E93B-82FCD917FDE8}.Debug|Any CPU.ActiveCfg = Debug|Any CPU
		{E8A56726-99D0-716F-E93B-82FCD917FDE8}.Debug|Any CPU.Build.0 = Debug|Any CPU
		{E8A56726-99D0-716F-E93B-82FCD917FDE8}.Release|Any CPU.ActiveCfg = Release|Any CPU
		{E8A56726-99D0-716F-E93B-82FCD917FDE8}.Release|Any CPU.Build.0 = Release|Any CPU
		{5A8574ED-81C4-69F4-82CA-227E1277306E}.Debug|Any CPU.ActiveCfg = Debug|Any CPU
		{5A8574ED-81C4-69F4-82CA-227E1277306E}.Debug|Any CPU.Build.0 = Debug|Any CPU
		{5A8574ED-81C4-69F4-82CA-227E1277306E}.Release|Any CPU.ActiveCfg = Release|Any CPU
		{5A8574ED-81C4-69F4-82CA-227E1277306E}.Release|Any CPU.Build.0 = Release|Any CPU
		{CD2F9755-A285-BA23-C913-06447527A0C9}.Debug|Any CPU.ActiveCfg = Debug|Any CPU
		{CD2F9755-A285-BA23-C913-06447527A0C9}.Debug|Any CPU.Build.0 = Debug|Any CPU
		{CD2F9755-A285-BA23-C913-06447527A0C9}.Release|Any CPU.ActiveCfg = Release|Any CPU
		{CD2F9755-A285-BA23-C913-06447527A0C9}.Release|Any CPU.Build.0 = Release|Any CPU
		{D086437A-2BF5-4EB6-DF14-C544A8EEABEA}.Debug|Any CPU.ActiveCfg = Debug|Any CPU
		{D086437A-2BF5-4EB6-DF14-C544A8EEABEA}.Debug|Any CPU.Build.0 = Debug|Any CPU
		{D086437A-2BF5-4EB6-DF14-C544A8EEABEA}.Release|Any CPU.ActiveCfg = Release|Any CPU
		{D086437A-2BF5-4EB6-DF14-C544A8EEABEA}.Release|Any CPU.Build.0 = Release|Any CPU
		{D0D7E6CD-C4A4-689C-D16A-DF7710CDB7D0}.Debug|Any CPU.ActiveCfg = Debug|Any CPU
		{D0D7E6CD-C4A4-689C-D16A-DF7710CDB7D0}.Debug|Any CPU.Build.0 = Debug|Any CPU
		{D0D7E6CD-C4A4-689C-D16A-DF7710CDB7D0}.Release|Any CPU.ActiveCfg = Release|Any CPU
		{D0D7E6CD-C4A4-689C-D16A-DF7710CDB7D0}.Release|Any CPU.Build.0 = Release|Any CPU
		{982CBC84-77C5-C7A4-33CB-172FB3ABB044}.Debug|Any CPU.ActiveCfg = Debug|Any CPU
		{982CBC84-77C5-C7A4-33CB-172FB3ABB044}.Debug|Any CPU.Build.0 = Debug|Any CPU
		{982CBC84-77C5-C7A4-33CB-172FB3ABB044}.Release|Any CPU.ActiveCfg = Release|Any CPU
		{982CBC84-77C5-C7A4-33CB-172FB3ABB044}.Release|Any CPU.Build.0 = Release|Any CPU
		{90AFC353-E438-E5D1-2FF0-94CED7397A71}.Debug|Any CPU.ActiveCfg = Debug|Any CPU
		{90AFC353-E438-E5D1-2FF0-94CED7397A71}.Debug|Any CPU.Build.0 = Debug|Any CPU
		{90AFC353-E438-E5D1-2FF0-94CED7397A71}.Release|Any CPU.ActiveCfg = Release|Any CPU
		{90AFC353-E438-E5D1-2FF0-94CED7397A71}.Release|Any CPU.Build.0 = Release|Any CPU
		{0EE65E48-AA63-FFD8-391B-F5D958F00423}.Debug|Any CPU.ActiveCfg = Debug|Any CPU
		{0EE65E48-AA63-FFD8-391B-F5D958F00423}.Debug|Any CPU.Build.0 = Debug|Any CPU
		{0EE65E48-AA63-FFD8-391B-F5D958F00423}.Release|Any CPU.ActiveCfg = Release|Any CPU
		{0EE65E48-AA63-FFD8-391B-F5D958F00423}.Release|Any CPU.Build.0 = Release|Any CPU
		{E69B2B32-3170-23FF-C877-192A94919FA7}.Debug|Any CPU.ActiveCfg = Debug|Any CPU
		{E69B2B32-3170-23FF-C877-192A94919FA7}.Debug|Any CPU.Build.0 = Debug|Any CPU
		{E69B2B32-3170-23FF-C877-192A94919FA7}.Release|Any CPU.ActiveCfg = Release|Any CPU
		{E69B2B32-3170-23FF-C877-192A94919FA7}.Release|Any CPU.Build.0 = Release|Any CPU
		{30B9093B-F8D0-E396-6FAD-6F8386C26BD1}.Debug|Any CPU.ActiveCfg = Debug|Any CPU
		{30B9093B-F8D0-E396-6FAD-6F8386C26BD1}.Debug|Any CPU.Build.0 = Debug|Any CPU
		{30B9093B-F8D0-E396-6FAD-6F8386C26BD1}.Release|Any CPU.ActiveCfg = Release|Any CPU
		{30B9093B-F8D0-E396-6FAD-6F8386C26BD1}.Release|Any CPU.Build.0 = Release|Any CPU
		{9E448358-421A-2E3A-3503-C1E1B44EC21D}.Debug|Any CPU.ActiveCfg = Debug|Any CPU
		{9E448358-421A-2E3A-3503-C1E1B44EC21D}.Debug|Any CPU.Build.0 = Debug|Any CPU
		{9E448358-421A-2E3A-3503-C1E1B44EC21D}.Release|Any CPU.ActiveCfg = Release|Any CPU
		{9E448358-421A-2E3A-3503-C1E1B44EC21D}.Release|Any CPU.Build.0 = Release|Any CPU
		{56A0EAA0-B4B9-5509-7528-5B0B032894DE}.Debug|Any CPU.ActiveCfg = Debug|Any CPU
		{56A0EAA0-B4B9-5509-7528-5B0B032894DE}.Debug|Any CPU.Build.0 = Debug|Any CPU
		{56A0EAA0-B4B9-5509-7528-5B0B032894DE}.Release|Any CPU.ActiveCfg = Release|Any CPU
		{56A0EAA0-B4B9-5509-7528-5B0B032894DE}.Release|Any CPU.Build.0 = Release|Any CPU
		{A4863BC1-50A1-8E4E-EC76-9EB6BBDE0D67}.Debug|Any CPU.ActiveCfg = Debug|Any CPU
		{A4863BC1-50A1-8E4E-EC76-9EB6BBDE0D67}.Debug|Any CPU.Build.0 = Debug|Any CPU
		{A4863BC1-50A1-8E4E-EC76-9EB6BBDE0D67}.Release|Any CPU.ActiveCfg = Release|Any CPU
		{A4863BC1-50A1-8E4E-EC76-9EB6BBDE0D67}.Release|Any CPU.Build.0 = Release|Any CPU
		{7971EFA9-9B27-CA76-64FA-6313A2F72CC2}.Debug|Any CPU.ActiveCfg = Debug|Any CPU
		{7971EFA9-9B27-CA76-64FA-6313A2F72CC2}.Debug|Any CPU.Build.0 = Debug|Any CPU
		{7971EFA9-9B27-CA76-64FA-6313A2F72CC2}.Release|Any CPU.ActiveCfg = Release|Any CPU
		{7971EFA9-9B27-CA76-64FA-6313A2F72CC2}.Release|Any CPU.Build.0 = Release|Any CPU
		{55D9D884-0C51-C0E0-56DA-2139E3E0D9D1}.Debug|Any CPU.ActiveCfg = Debug|Any CPU
		{55D9D884-0C51-C0E0-56DA-2139E3E0D9D1}.Debug|Any CPU.Build.0 = Debug|Any CPU
		{55D9D884-0C51-C0E0-56DA-2139E3E0D9D1}.Release|Any CPU.ActiveCfg = Release|Any CPU
		{55D9D884-0C51-C0E0-56DA-2139E3E0D9D1}.Release|Any CPU.Build.0 = Release|Any CPU
		{2DE0651E-4254-D600-51AC-281DD47CB680}.Debug|Any CPU.ActiveCfg = Debug|Any CPU
		{2DE0651E-4254-D600-51AC-281DD47CB680}.Debug|Any CPU.Build.0 = Debug|Any CPU
		{2DE0651E-4254-D600-51AC-281DD47CB680}.Release|Any CPU.ActiveCfg = Release|Any CPU
		{2DE0651E-4254-D600-51AC-281DD47CB680}.Release|Any CPU.Build.0 = Release|Any CPU
		{1B9F8C94-F071-52C4-B9B1-FCD75ED3B027}.Debug|Any CPU.ActiveCfg = Debug|Any CPU
		{1B9F8C94-F071-52C4-B9B1-FCD75ED3B027}.Debug|Any CPU.Build.0 = Debug|Any CPU
		{1B9F8C94-F071-52C4-B9B1-FCD75ED3B027}.Release|Any CPU.ActiveCfg = Release|Any CPU
		{1B9F8C94-F071-52C4-B9B1-FCD75ED3B027}.Release|Any CPU.Build.0 = Release|Any CPU
		{BAA1207C-79E5-5911-E862-101C00890044}.Debug|Any CPU.ActiveCfg = Debug|Any CPU
		{BAA1207C-79E5-5911-E862-101C00890044}.Debug|Any CPU.Build.0 = Debug|Any CPU
		{BAA1207C-79E5-5911-E862-101C00890044}.Release|Any CPU.ActiveCfg = Release|Any CPU
		{BAA1207C-79E5-5911-E862-101C00890044}.Release|Any CPU.Build.0 = Release|Any CPU
		{CBCAA174-BA5E-C0CE-A999-F13361262A84}.Debug|Any CPU.ActiveCfg = Debug|Any CPU
		{CBCAA174-BA5E-C0CE-A999-F13361262A84}.Debug|Any CPU.Build.0 = Debug|Any CPU
		{CBCAA174-BA5E-C0CE-A999-F13361262A84}.Release|Any CPU.ActiveCfg = Release|Any CPU
		{CBCAA174-BA5E-C0CE-A999-F13361262A84}.Release|Any CPU.Build.0 = Release|Any CPU
		{AC293070-7734-F37E-5FEA-FEEBD8E032FC}.Debug|Any CPU.ActiveCfg = Debug|Any CPU
		{AC293070-7734-F37E-5FEA-FEEBD8E032FC}.Debug|Any CPU.Build.0 = Debug|Any CPU
		{AC293070-7734-F37E-5FEA-FEEBD8E032FC}.Release|Any CPU.ActiveCfg = Release|Any CPU
		{AC293070-7734-F37E-5FEA-FEEBD8E032FC}.Release|Any CPU.Build.0 = Release|Any CPU
		{0A62762E-4BB3-6AA2-1EE4-545E1A30A21F}.Debug|Any CPU.ActiveCfg = Debug|Any CPU
		{0A62762E-4BB3-6AA2-1EE4-545E1A30A21F}.Debug|Any CPU.Build.0 = Debug|Any CPU
		{0A62762E-4BB3-6AA2-1EE4-545E1A30A21F}.Release|Any CPU.ActiveCfg = Release|Any CPU
		{0A62762E-4BB3-6AA2-1EE4-545E1A30A21F}.Release|Any CPU.Build.0 = Release|Any CPU
		{D7F4C036-A79E-1614-FB98-1A787FA07B5A}.Debug|Any CPU.ActiveCfg = Debug|Any CPU
		{D7F4C036-A79E-1614-FB98-1A787FA07B5A}.Debug|Any CPU.Build.0 = Debug|Any CPU
		{D7F4C036-A79E-1614-FB98-1A787FA07B5A}.Release|Any CPU.ActiveCfg = Release|Any CPU
		{D7F4C036-A79E-1614-FB98-1A787FA07B5A}.Release|Any CPU.Build.0 = Release|Any CPU
		{D7E3183A-F0C5-6885-5D38-4401DC26E45C}.Debug|Any CPU.ActiveCfg = Debug|Any CPU
		{D7E3183A-F0C5-6885-5D38-4401DC26E45C}.Debug|Any CPU.Build.0 = Debug|Any CPU
		{D7E3183A-F0C5-6885-5D38-4401DC26E45C}.Release|Any CPU.ActiveCfg = Release|Any CPU
		{D7E3183A-F0C5-6885-5D38-4401DC26E45C}.Release|Any CPU.Build.0 = Release|Any CPU
		{AB38B5B2-313E-C596-5D97-D57199FECE76}.Debug|Any CPU.ActiveCfg = Debug|Any CPU
		{AB38B5B2-313E-C596-5D97-D57199FECE76}.Debug|Any CPU.Build.0 = Debug|Any CPU
		{AB38B5B2-313E-C596-5D97-D57199FECE76}.Release|Any CPU.ActiveCfg = Release|Any CPU
		{AB38B5B2-313E-C596-5D97-D57199FECE76}.Release|Any CPU.Build.0 = Release|Any CPU
	EndGlobalSection
	GlobalSection(SolutionProperties) = preSolution
		HideSolutionNode = FALSE
	EndGlobalSection
EndGlobal
